
Microsoft Visual Studio Solution File, Format Version 12.00
# Visual Studio Version 17
VisualStudioVersion = 17.10.34928.147
MinimumVisualStudioVersion = 10.0.40219.1
Project("{9A19103F-16F7-4668-BE54-9A1E7A4F7556}") = "FemboySurvivalCheats", "FemboySurvivalCheats.csproj", "{5CACBDE5-A17D-4EA0-9059-D8CEA94BCA2C}"
EndProject
Global
	GlobalSection(SolutionConfigurationPlatforms) = preSolution
		Debug|Any CPU = Debug|Any CPU
		Release|Any CPU = Release|Any CPU
	EndGlobalSection
	GlobalSection(ProjectConfigurationPlatforms) = postSolution
		{5CACBDE5-A17D-4EA0-9059-D8CEA94BCA2C}.Debug|Any CPU.ActiveCfg = Debug|Any CPU
		{5CACBDE5-A17D-4EA0-9059-D8CEA94BCA2C}.Debug|Any CPU.Build.0 = Debug|Any CPU
		{5CACBDE5-A17D-4EA0-9059-D8CEA94BCA2C}.Release|Any CPU.ActiveCfg = Release|Any CPU
		{5CACBDE5-A17D-4EA0-9059-D8CEA94BCA2C}.Release|Any CPU.Build.0 = Release|Any CPU
	EndGlobalSection
	GlobalSection(SolutionProperties) = preSolution
		HideSolutionNode = FALSE
	EndGlobalSection
	GlobalSection(ExtensibilityGlobals) = postSolution
		SolutionGuid = {72314C04-1330-4905-AE35-2EA1EADF93AC}
	EndGlobalSection
EndGlobal
